
Microsoft Visual Studio Solution File, Format Version 12.00
# Visual Studio Version 17
VisualStudioVersion = 17.8.34330.188
MinimumVisualStudioVersion = 10.0.40219.1
Project("{9A19103F-16F7-4668-BE54-9A1E7A4F7556}") = "VCB Field Loc Export", "VCB Field Loc Export\VCB Field Loc Export.csproj", "{E9FDC138-CB59-435E-8145-CE65A57DFF9D}"
EndProject
Project("{FAE04EC0-301F-11D3-BF4B-00C04F79EFBC}") = "CalendarQuickStart", "CalendarQuickStart\CalendarQuickStart.csproj", "{AD128B00-3C67-4BA2-9E98-DFECCC80F8BC}"
EndProject
Global
	GlobalSection(SolutionConfigurationPlatforms) = preSolution
		Debug|Any CPU = Debug|Any CPU
		Release|Any CPU = Release|Any CPU
	EndGlobalSection
	GlobalSection(ProjectConfigurationPlatforms) = postSolution
		{E9FDC138-CB59-435E-8145-CE65A57DFF9D}.Debug|Any CPU.ActiveCfg = Debug|Any CPU
		{E9FDC138-CB59-435E-8145-CE65A57DFF9D}.Debug|Any CPU.Build.0 = Debug|Any CPU
		{E9FDC138-CB59-435E-8145-CE65A57DFF9D}.Release|Any CPU.ActiveCfg = Release|Any CPU
		{E9FDC138-CB59-435E-8145-CE65A57DFF9D}.Release|Any CPU.Build.0 = Release|Any CPU
		{AD128B00-3C67-4BA2-9E98-DFECCC80F8BC}.Debug|Any CPU.ActiveCfg = Debug|Any CPU
		{AD128B00-3C67-4BA2-9E98-DFECCC80F8BC}.Debug|Any CPU.Build.0 = Debug|Any CPU
		{AD128B00-3C67-4BA2-9E98-DFECCC80F8BC}.Release|Any CPU.ActiveCfg = Release|Any CPU
		{AD128B00-3C67-4BA2-9E98-DFECCC80F8BC}.Release|Any CPU.Build.0 = Release|Any CPU
	EndGlobalSection
	GlobalSection(SolutionProperties) = preSolution
		HideSolutionNode = FALSE
	EndGlobalSection
	GlobalSection(ExtensibilityGlobals) = postSolution
		SolutionGuid = {80A32794-2877-47F4-9B8E-81979BE0F247}
	EndGlobalSection
EndGlobal
